
Microsoft Visual Studio Solution File, Format Version 12.00
# Visual Studio Version 17
VisualStudioVersion = 17.14.36414.22 d17.14
MinimumVisualStudioVersion = 10.0.40219.1
Project("{FAE04EC0-301F-11D3-BF4B-00C04F79EFBC}") = "Assignment Session01 Solution", "Assignment Session01 Solution\Assignment Session01 Solution.csproj", "{03FC325D-FD85-402A-8A06-1D237902B13B}"
EndProject
Global
	GlobalSection(SolutionConfigurationPlatforms) = preSolution
		Debug|Any CPU = Debug|Any CPU
		Release|Any CPU = Release|Any CPU
	EndGlobalSection
	GlobalSection(ProjectConfigurationPlatforms) = postSolution
		{03FC325D-FD85-402A-8A06-1D237902B13B}.Debug|Any CPU.ActiveCfg = Debug|Any CPU
		{03FC325D-FD85-402A-8A06-1D237902B13B}.Debug|Any CPU.Build.0 = Debug|Any CPU
		{03FC325D-FD85-402A-8A06-1D237902B13B}.Release|Any CPU.ActiveCfg = Release|Any CPU
		{03FC325D-FD85-402A-8A06-1D237902B13B}.Release|Any CPU.Build.0 = Release|Any CPU
	EndGlobalSection
	GlobalSection(SolutionProperties) = preSolution
		HideSolutionNode = FALSE
	EndGlobalSection
	GlobalSection(ExtensibilityGlobals) = postSolution
		SolutionGuid = {55BBB35C-8CAF-42EB-A6FD-7A7B88F2B2F6}
	EndGlobalSection
EndGlobal
